
Microsoft Visual Studio Solution File, Format Version 12.00
# Visual Studio Version 17
VisualStudioVersion = 17.9.34607.119
MinimumVisualStudioVersion = 10.0.40219.1
Project("{9A19103F-16F7-4668-BE54-9A1E7A4F7556}") = "ConfigurationExamples", "ConfigurationExamples\ConfigurationExamples.csproj", "{CC74E31E-B752-4460-AAC9-22815304243C}"
EndProject
Project("{9A19103F-16F7-4668-BE54-9A1E7A4F7556}") = "EFCoreSpecificationExample", "EFCoreSpecificationExample\EFCoreSpecificationExample.csproj", "{0CC7E2FD-1F5C-4C9D-9B09-0D5D5EAF2909}"
EndProject
Project("{2150E333-8FDC-42A3-9474-1A3956D46DE8}") = "Solution Items", "Solution Items", "{B0D6F1DD-7EB7-44FF-9869-C06D8F5C0D3F}"
	ProjectSection(SolutionItems) = preProject
		LICENSE.md = LICENSE.md
		README.md = README.md
	EndProjectSection
EndProject
Global
	GlobalSection(SolutionConfigurationPlatforms) = preSolution
		Debug|Any CPU = Debug|Any CPU
		Release|Any CPU = Release|Any CPU
	EndGlobalSection
	GlobalSection(ProjectConfigurationPlatforms) = postSolution
		{CC74E31E-B752-4460-AAC9-22815304243C}.Debug|Any CPU.ActiveCfg = Debug|Any CPU
		{CC74E31E-B752-4460-AAC9-22815304243C}.Debug|Any CPU.Build.0 = Debug|Any CPU
		{CC74E31E-B752-4460-AAC9-22815304243C}.Release|Any CPU.ActiveCfg = Release|Any CPU
		{CC74E31E-B752-4460-AAC9-22815304243C}.Release|Any CPU.Build.0 = Release|Any CPU
		{0CC7E2FD-1F5C-4C9D-9B09-0D5D5EAF2909}.Debug|Any CPU.ActiveCfg = Debug|Any CPU
		{0CC7E2FD-1F5C-4C9D-9B09-0D5D5EAF2909}.Debug|Any CPU.Build.0 = Debug|Any CPU
		{0CC7E2FD-1F5C-4C9D-9B09-0D5D5EAF2909}.Release|Any CPU.ActiveCfg = Release|Any CPU
		{0CC7E2FD-1F5C-4C9D-9B09-0D5D5EAF2909}.Release|Any CPU.Build.0 = Release|Any CPU
	EndGlobalSection
	GlobalSection(SolutionProperties) = preSolution
		HideSolutionNode = FALSE
	EndGlobalSection
	GlobalSection(ExtensibilityGlobals) = postSolution
		SolutionGuid = {C40C4220-541B-46B4-8A83-A916B69FB992}
	EndGlobalSection
EndGlobal
